# THIS IS AN AUTOGENERATED FILE. DO NOT EDIT THIS FILE DIRECTLY.
# yarn lockfile v1


react-interval-hook@^1.1.4:
  version "1.1.4"
  resolved "https://registry.yarnpkg.com/react-interval-hook/-/react-interval-hook-1.1.4.tgz#0c79c3ac19e07ea449c40f27d856462d3298a106"
  integrity sha512-xQ2mpI+4OIROCqebKggQZySSOCxDiLk5liYKw1sp8v0v0xo6gHJBVtdCGY3L179ayXWzJJ9P8ZuLZArSSQHbEw==

react-sub-unsub@^2.2.2:
  version "2.2.7"
  resolved "https://registry.yarnpkg.com/react-sub-unsub/-/react-sub-unsub-2.2.7.tgz#d755ea40ab61ff64bc8c73a9013efa910472629d"
  integrity sha512-b2o0mIW8G4Yb3aaKxFB9iiCCHxCDGmogy+493oQpEJHjBy/hl6uf+6RhAinqKWRwi1fvO6mGIMVGsf2XYLL38g==

react-use-precision-timer@^3.5.5:
  version "3.5.5"
  resolved "https://registry.yarnpkg.com/react-use-precision-timer/-/react-use-precision-timer-3.5.5.tgz#a3886d0b344cae9c77c57b9bcd8d86b45d997c4c"
  integrity sha512-fPf9d1fAb4CCJrJCnErvvB/GFVDm+bzb07WilkiW3hcJUjqS3ep6pCLKUguT76gpPvyOuKp9KSD8z06uM3LzAA==
  dependencies:
    react-sub-unsub "^2.2.2"
